
Microsoft Visual Studio Solution File, Format Version 12.00
# Visual Studio Version 16
VisualStudioVersion = 16.0.31410.357
MinimumVisualStudioVersion = 10.0.40219.1
Project("{FAE04EC0-301F-11D3-BF4B-00C04F79EFBC}") = "OffsetsHalo", "OffsetsHalo.csproj", "{87D14961-2269-4B9E-9F5F-A3738CF04B13}"
EndProject
Global
	GlobalSection(SolutionConfigurationPlatforms) = preSolution
		Debug|Any CPU = Debug|Any CPU
		Release|Any CPU = Release|Any CPU
	EndGlobalSection
	GlobalSection(ProjectConfigurationPlatforms) = postSolution
		{87D14961-2269-4B9E-9F5F-A3738CF04B13}.Debug|Any CPU.ActiveCfg = Debug|Any CPU
		{87D14961-2269-4B9E-9F5F-A3738CF04B13}.Debug|Any CPU.Build.0 = Debug|Any CPU
		{87D14961-2269-4B9E-9F5F-A3738CF04B13}.Release|Any CPU.ActiveCfg = Release|Any CPU
		{87D14961-2269-4B9E-9F5F-A3738CF04B13}.Release|Any CPU.Build.0 = Release|Any CPU
	EndGlobalSection
	GlobalSection(SolutionProperties) = preSolution
		HideSolutionNode = FALSE
	EndGlobalSection
	GlobalSection(ExtensibilityGlobals) = postSolution
		SolutionGuid = {E548C35F-D2BE-4729-9908-EBCE2DD28922}
	EndGlobalSection
EndGlobal
